github.com/joho/godotenv v1.5.1 h1:7eLL/+HRGLY0ldzfGMeQkb7vMd0as4CfYvUVzLqw0N0=
github.com/joho/godotenv v1.5.1/go.mod h1:f4LDr5Voq0i2e/R5DDNOoa2zzDfwtkZa6DnEwAbqwq4=
github.com/tencentcloud/tencentcloud-sdk-go/tencentcloud/common v1.3.131 h1:SI6++CZ++7FFNWE4Fr0U7jUG3+B5b0BoAInIAKbPMx0=
github.com/tencentcloud/tencentcloud-sdk-go/tencentcloud/common v1.3.131/go.mod h1:r5r4xbfxSaeR04b166HGsBa/R4U3SueirEUpXGuw+Q0=
github.com/tencentcloud/tencentcloud-sdk-go/tencentcloud/dnspod v1.3.131 h1:YfzhVkH30GipMEOGIx6nkaJv2E/mWN+G6Vvg+M7SqGg=
github.com/tencentcloud/tencentcloud-sdk-go/tencentcloud/dnspod v1.3.131/go.mod h1:Eejvn572HmciFhWFMg6a+eZvkegnEzJrPSnJYKYZX2s=
